
Microsoft Visual Studio Solution File, Format Version 12.00
# Visual Studio Version 17
VisualStudioVersion = 17.8.34330.188
MinimumVisualStudioVersion = 10.0.40219.1
Project("{8BC9CEB8-8B4A-11D0-8D11-00A0C91BC942}") = "todo-list", "todo-list.vcxproj", "{9073EB82-7BFB-41E7-8468-577105E3DA3A}"
EndProject
Global
	GlobalSection(SolutionConfigurationPlatforms) = preSolution
		Debug|x64 = Debug|x64
		Debug|x86 = Debug|x86
		Release|x64 = Release|x64
		Release|x86 = Release|x86
	EndGlobalSection
	GlobalSection(ProjectConfigurationPlatforms) = postSolution
		{9073EB82-7BFB-41E7-8468-577105E3DA3A}.Debug|x64.ActiveCfg = Debug|x64
		{9073EB82-7BFB-41E7-8468-577105E3DA3A}.Debug|x64.Build.0 = Debug|x64
		{9073EB82-7BFB-41E7-8468-577105E3DA3A}.Debug|x86.ActiveCfg = Debug|Win32
		{9073EB82-7BFB-41E7-8468-577105E3DA3A}.Debug|x86.Build.0 = Debug|Win32
		{9073EB82-7BFB-41E7-8468-577105E3DA3A}.Release|x64.ActiveCfg = Release|x64
		{9073EB82-7BFB-41E7-8468-577105E3DA3A}.Release|x64.Build.0 = Release|x64
		{9073EB82-7BFB-41E7-8468-577105E3DA3A}.Release|x86.ActiveCfg = Release|Win32
		{9073EB82-7BFB-41E7-8468-577105E3DA3A}.Release|x86.Build.0 = Release|Win32
	EndGlobalSection
	GlobalSection(SolutionProperties) = preSolution
		HideSolutionNode = FALSE
	EndGlobalSection
	GlobalSection(ExtensibilityGlobals) = postSolution
		SolutionGuid = {320DF976-6FE9-47CB-ADA9-163ECFAB8814}
	EndGlobalSection
EndGlobal
